
Microsoft Visual Studio Solution File, Format Version 12.00
# Visual Studio Version 17
VisualStudioVersion = 17.0.31903.59
MinimumVisualStudioVersion = 10.0.40219.1
Project("{FAE04EC0-301F-11D3-BF4B-00C04F79EFBC}") = "TraineeManagement.Api.Data", "TraineeManagement.Api.Data\TraineeManagement.Api.Data.csproj", "{06362467-1BBB-4EF0-B727-6C4FBC90833E}"
EndProject
Project("{FAE04EC0-301F-11D3-BF4B-00C04F79EFBC}") = "TraineeManagement.Api.Contract", "TraineeManagement.Api.Contract\TraineeManagement.Api.Contract.csproj", "{7E536401-1E76-4711-A4D0-41CB5FCF2051}"
EndProject
Project("{FAE04EC0-301F-11D3-BF4B-00C04F79EFBC}") = "TraineeManagement.Api.Messaging", "TraineeManagement.Api.Messaging\TraineeManagement.Api.Messaging.csproj", "{AA7E2C26-F85E-4E38-B445-168920C5DEA1}"
EndProject
Project("{FAE04EC0-301F-11D3-BF4B-00C04F79EFBC}") = "TraineeManagement.Api.Worker", "TraineeManagement.Api.Worker\TraineeManagement.Api.Worker.csproj", "{E0030266-8FFC-4C79-AE09-C0DC66AEECB4}"
EndProject
Project("{FAE04EC0-301F-11D3-BF4B-00C04F79EFBC}") = "TraineeManagement.Api", "TraineeManagement.Api\TraineeManagement.Api.csproj", "{0ED02404-5CAF-4505-A4E4-5933154F96A3}"
EndProject
Global
	GlobalSection(SolutionConfigurationPlatforms) = preSolution
		Debug|Any CPU = Debug|Any CPU
		Release|Any CPU = Release|Any CPU
	EndGlobalSection
	GlobalSection(SolutionProperties) = preSolution
		HideSolutionNode = FALSE
	EndGlobalSection
	GlobalSection(ProjectConfigurationPlatforms) = postSolution
		{06362467-1BBB-4EF0-B727-6C4FBC90833E}.Debug|Any CPU.ActiveCfg = Debug|Any CPU
		{06362467-1BBB-4EF0-B727-6C4FBC90833E}.Debug|Any CPU.Build.0 = Debug|Any CPU
		{06362467-1BBB-4EF0-B727-6C4FBC90833E}.Release|Any CPU.ActiveCfg = Release|Any CPU
		{06362467-1BBB-4EF0-B727-6C4FBC90833E}.Release|Any CPU.Build.0 = Release|Any CPU
		{7E536401-1E76-4711-A4D0-41CB5FCF2051}.Debug|Any CPU.ActiveCfg = Debug|Any CPU
		{7E536401-1E76-4711-A4D0-41CB5FCF2051}.Debug|Any CPU.Build.0 = Debug|Any CPU
		{7E536401-1E76-4711-A4D0-41CB5FCF2051}.Release|Any CPU.ActiveCfg = Release|Any CPU
		{7E536401-1E76-4711-A4D0-41CB5FCF2051}.Release|Any CPU.Build.0 = Release|Any CPU
		{AA7E2C26-F85E-4E38-B445-168920C5DEA1}.Debug|Any CPU.ActiveCfg = Debug|Any CPU
		{AA7E2C26-F85E-4E38-B445-168920C5DEA1}.Debug|Any CPU.Build.0 = Debug|Any CPU
		{AA7E2C26-F85E-4E38-B445-168920C5DEA1}.Release|Any CPU.ActiveCfg = Release|Any CPU
		{AA7E2C26-F85E-4E38-B445-168920C5DEA1}.Release|Any CPU.Build.0 = Release|Any CPU
		{E0030266-8FFC-4C79-AE09-C0DC66AEECB4}.Debug|Any CPU.ActiveCfg = Debug|Any CPU
		{E0030266-8FFC-4C79-AE09-C0DC66AEECB4}.Debug|Any CPU.Build.0 = Debug|Any CPU
		{E0030266-8FFC-4C79-AE09-C0DC66AEECB4}.Release|Any CPU.ActiveCfg = Release|Any CPU
		{E0030266-8FFC-4C79-AE09-C0DC66AEECB4}.Release|Any CPU.Build.0 = Release|Any CPU
		{0ED02404-5CAF-4505-A4E4-5933154F96A3}.Debug|Any CPU.ActiveCfg = Debug|Any CPU
		{0ED02404-5CAF-4505-A4E4-5933154F96A3}.Debug|Any CPU.Build.0 = Debug|Any CPU
		{0ED02404-5CAF-4505-A4E4-5933154F96A3}.Release|Any CPU.ActiveCfg = Release|Any CPU
		{0ED02404-5CAF-4505-A4E4-5933154F96A3}.Release|Any CPU.Build.0 = Release|Any CPU
	EndGlobalSection
EndGlobal
